// !$*UTF8*$!
{
	archiveVersion = 1;
	classes = {
	};
	objectVersion = 50;
	objects = {

/* Begin PBXBuildFile section */
		2728B3FA25EA73DF00F163FC /* ToolbarView.swift in Sources */ = {isa = PBXBuildFile; fileRef = 2728B3F925EA73DF00F163FC /* ToolbarView.swift */; };
		27550DC925D57C8800894F4D /* RvChecklistApp.swift in Sources */ = {isa = PBXBuildFile; fileRef = 27550DC825D57C8800894F4D /* RvChecklistApp.swift */; };
		27550DCB25D57C8800894F4D /* ChecklistView.swift in Sources */ = {isa = PBXBuildFile; fileRef = 27550DCA25D57C8800894F4D /* ChecklistView.swift */; };
		27550DCD25D57C8800894F4D /* Assets.xcassets in Resources */ = {isa = PBXBuildFile; fileRef = 27550DCC25D57C8800894F4D /* Assets.xcassets */; };
		27550DD025D57C8800894F4D /* Preview Assets.xcassets in Resources */ = {isa = PBXBuildFile; fileRef = 27550DCF25D57C8800894F4D /* Preview Assets.xcassets */; };
		27550DDB25D57C8800894F4D /* RvChecklistTests.swift in Sources */ = {isa = PBXBuildFile; fileRef = 27550DDA25D57C8800894F4D /* RvChecklistTests.swift */; };
		27550DE625D57C8800894F4D /* RvChecklistUITests.swift in Sources */ = {isa = PBXBuildFile; fileRef = 27550DE525D57C8800894F4D /* RvChecklistUITests.swift */; };
		27550E1A25D718E000894F4D /* ChecklistItem.swift in Sources */ = {isa = PBXBuildFile; fileRef = 27550E1925D718E000894F4D /* ChecklistItem.swift */; };
		27550E1F25D8162700894F4D /* DetailView.swift in Sources */ = {isa = PBXBuildFile; fileRef = 27550E1E25D8162700894F4D /* DetailView.swift */; };
		27550E2425D863F000894F4D /* DestinationMap.swift in Sources */ = {isa = PBXBuildFile; fileRef = 27550E2325D863F000894F4D /* DestinationMap.swift */; };
		275E64EF25E29A310070E6AA /* Checkmark.swift in Sources */ = {isa = PBXBuildFile; fileRef = 275E64EE25E29A310070E6AA /* Checkmark.swift */; };
		275E64FC25E3D7F30070E6AA /* ChecklistRow.swift in Sources */ = {isa = PBXBuildFile; fileRef = 275E64FB25E3D7F30070E6AA /* ChecklistRow.swift */; };
		275E650125E3D95B0070E6AA /* ChecklistHeader.swift in Sources */ = {isa = PBXBuildFile; fileRef = 275E650025E3D95B0070E6AA /* ChecklistHeader.swift */; };
		275E650625E3DA140070E6AA /* ChecklistScrollView.swift in Sources */ = {isa = PBXBuildFile; fileRef = 275E650525E3DA140070E6AA /* ChecklistScrollView.swift */; };
		2784A0C025E14794000BE229 /* checklistData.json in Resources */ = {isa = PBXBuildFile; fileRef = 2784A0BF25E14794000BE229 /* checklistData.json */; };
		2784A0CB25E15535000BE229 /* modelData.swift in Sources */ = {isa = PBXBuildFile; fileRef = 2784A0CA25E15535000BE229 /* modelData.swift */; };
		27E6B96E25FD6EEE007547AC /* AddTrip.swift in Sources */ = {isa = PBXBuildFile; fileRef = 27E6B96D25FD6EEE007547AC /* AddTrip.swift */; };
		27E6B97325FE2F48007547AC /* TripList.swift in Sources */ = {isa = PBXBuildFile; fileRef = 27E6B97225FE2F48007547AC /* TripList.swift */; };
		27E6B98425FE4E7C007547AC /* tripData.json in Resources */ = {isa = PBXBuildFile; fileRef = 27E6B98325FE4E7C007547AC /* tripData.json */; };
		27E6B99225FF7CF7007547AC /* DoneItem.swift in Sources */ = {isa = PBXBuildFile; fileRef = 27E6B99125FF7CF7007547AC /* DoneItem.swift */; };
/* End PBXBuildFile section */

/* Begin PBXContainerItemProxy section */
		27550DD725D57C8800894F4D /* PBXContainerItemProxy */ = {
			isa = PBXContainerItemProxy;
			containerPortal = 27550DBD25D57C8800894F4D /* Project object */;
			proxyType = 1;
			remoteGlobalIDString = 27550DC425D57C8800894F4D;
			remoteInfo = RvChecklist;
		};
		27550DE225D57C8800894F4D /* PBXContainerItemProxy */ = {
			isa = PBXContainerItemProxy;
			containerPortal = 27550DBD25D57C8800894F4D /* Project object */;
			proxyType = 1;
			remoteGlobalIDString = 27550DC425D57C8800894F4D;
			remoteInfo = RvChecklist;
		};
/* End PBXContainerItemProxy section */

/* Begin PBXFileReference section */
		2728B3F925EA73DF00F163FC /* ToolbarView.swift */ = {isa = PBXFileReference; lastKnownFileType = sourcecode.swift; path = ToolbarView.swift; sourceTree = "<group>"; };
		27550DC525D57C8800894F4D /* RvChecklist.app */ = {isa = PBXFileReference; explicitFileType = wrapper.application; includeInIndex = 0; path = RvChecklist.app; sourceTree = BUILT_PRODUCTS_DIR; };
		27550DC825D57C8800894F4D /* RvChecklistApp.swift */ = {isa = PBXFileReference; lastKnownFileType = sourcecode.swift; path = RvChecklistApp.swift; sourceTree = "<group>"; };
		27550DCA25D57C8800894F4D /* ChecklistView.swift */ = {isa = PBXFileReference; lastKnownFileType = sourcecode.swift; path = ChecklistView.swift; sourceTree = "<group>"; };
		27550DCC25D57C8800894F4D /* Assets.xcassets */ = {isa = PBXFileReference; lastKnownFileType = folder.assetcatalog; path = Assets.xcassets; sourceTree = "<group>"; };
		27550DCF25D57C8800894F4D /* Preview Assets.xcassets */ = {isa = PBXFileReference; lastKnownFileType = folder.assetcatalog; path = "Preview Assets.xcassets"; sourceTree = "<group>"; };
		27550DD125D57C8800894F4D /* Info.plist */ = {isa = PBXFileReference; lastKnownFileType = text.plist.xml; path = Info.plist; sourceTree = "<group>"; };
		27550DD625D57C8800894F4D /* RvChecklistTests.xctest */ = {isa = PBXFileReference; explicitFileType = wrapper.cfbundle; includeInIndex = 0; path = RvChecklistTests.xctest; sourceTree = BUILT_PRODUCTS_DIR; };
		27550DDA25D57C8800894F4D /* RvChecklistTests.swift */ = {isa = PBXFileReference; lastKnownFileType = sourcecode.swift; path = RvChecklistTests.swift; sourceTree = "<group>"; };
		27550DDC25D57C8800894F4D /* Info.plist */ = {isa = PBXFileReference; lastKnownFileType = text.plist.xml; path = Info.plist; sourceTree = "<group>"; };
		27550DE125D57C8800894F4D /* RvChecklistUITests.xctest */ = {isa = PBXFileReference; explicitFileType = wrapper.cfbundle; includeInIndex = 0; path = RvChecklistUITests.xctest; sourceTree = BUILT_PRODUCTS_DIR; };
		27550DE525D57C8800894F4D /* RvChecklistUITests.swift */ = {isa = PBXFileReference; lastKnownFileType = sourcecode.swift; path = RvChecklistUITests.swift; sourceTree = "<group>"; };
		27550DE725D57C8800894F4D /* Info.plist */ = {isa = PBXFileReference; lastKnownFileType = text.plist.xml; path = Info.plist; sourceTree = "<group>"; };
		27550E1925D718E000894F4D /* ChecklistItem.swift */ = {isa = PBXFileReference; lastKnownFileType = sourcecode.swift; path = ChecklistItem.swift; sourceTree = "<group>"; };
		27550E1E25D8162700894F4D /* DetailView.swift */ = {isa = PBXFileReference; lastKnownFileType = sourcecode.swift; path = DetailView.swift; sourceTree = "<group>"; };
		27550E2325D863F000894F4D /* DestinationMap.swift */ = {isa = PBXFileReference; lastKnownFileType = sourcecode.swift; path = DestinationMap.swift; sourceTree = "<group>"; };
		275E64EE25E29A310070E6AA /* Checkmark.swift */ = {isa = PBXFileReference; lastKnownFileType = sourcecode.swift; path = Checkmark.swift; sourceTree = "<group>"; };
		275E64FB25E3D7F30070E6AA /* ChecklistRow.swift */ = {isa = PBXFileReference; lastKnownFileType = sourcecode.swift; path = ChecklistRow.swift; sourceTree = "<group>"; };
		275E650025E3D95B0070E6AA /* ChecklistHeader.swift */ = {isa = PBXFileReference; lastKnownFileType = sourcecode.swift; path = ChecklistHeader.swift; sourceTree = "<group>"; };
		275E650525E3DA140070E6AA /* ChecklistScrollView.swift */ = {isa = PBXFileReference; lastKnownFileType = sourcecode.swift; path = ChecklistScrollView.swift; sourceTree = "<group>"; };
		2784A0BF25E14794000BE229 /* checklistData.json */ = {isa = PBXFileReference; fileEncoding = 4; lastKnownFileType = text.json; path = checklistData.json; sourceTree = "<group>"; };
		2784A0CA25E15535000BE229 /* modelData.swift */ = {isa = PBXFileReference; lastKnownFileType = sourcecode.swift; path = modelData.swift; sourceTree = "<group>"; };
		27E6B96D25FD6EEE007547AC /* AddTrip.swift */ = {isa = PBXFileReference; lastKnownFileType = sourcecode.swift; path = AddTrip.swift; sourceTree = "<group>"; };
		27E6B97225FE2F48007547AC /* TripList.swift */ = {isa = PBXFileReference; lastKnownFileType = sourcecode.swift; path = TripList.swift; sourceTree = "<group>"; };
		27E6B98325FE4E7C007547AC /* tripData.json */ = {isa = PBXFileReference; lastKnownFileType = text.json; path = tripData.json; sourceTree = "<group>"; };
		27E6B99125FF7CF7007547AC /* DoneItem.swift */ = {isa = PBXFileReference; lastKnownFileType = sourcecode.swift; path = DoneItem.swift; sourceTree = "<group>"; };
/* End PBXFileReference section */

/* Begin PBXFrameworksBuildPhase section */
		27550DC225D57C8800894F4D /* Frameworks */ = {
			isa = PBXFrameworksBuildPhase;
			buildActionMask = 2147483647;
			files = (
			);
			runOnlyForDeploymentPostprocessing = 0;
		};
		27550DD325D57C8800894F4D /* Frameworks */ = {
			isa = PBXFrameworksBuildPhase;
			buildActionMask = 2147483647;
			files = (
			);
			runOnlyForDeploymentPostprocessing = 0;
		};
		27550DDE25D57C8800894F4D /* Frameworks */ = {
			isa = PBXFrameworksBuildPhase;
			buildActionMask = 2147483647;
			files = (
			);
			runOnlyForDeploymentPostprocessing = 0;
		};
/* End PBXFrameworksBuildPhase section */

/* Begin PBXGroup section */
		27550DBC25D57C8800894F4D = {
			isa = PBXGroup;
			children = (
				27550DC725D57C8800894F4D /* RvChecklist */,
				27550DD925D57C8800894F4D /* RvChecklistTests */,
				27550DE425D57C8800894F4D /* RvChecklistUITests */,
				27550DC625D57C8800894F4D /* Products */,
			);
			sourceTree = "<group>";
		};
		27550DC625D57C8800894F4D /* Products */ = {
			isa = PBXGroup;
			children = (
				27550DC525D57C8800894F4D /* RvChecklist.app */,
				27550DD625D57C8800894F4D /* RvChecklistTests.xctest */,
				27550DE125D57C8800894F4D /* RvChecklistUITests.xctest */,
			);
			name = Products;
			sourceTree = "<group>";
		};
		27550DC725D57C8800894F4D /* RvChecklist */ = {
			isa = PBXGroup;
			children = (
				27550DC825D57C8800894F4D /* RvChecklistApp.swift */,
				27550DD125D57C8800894F4D /* Info.plist */,
				2784A0D425E157D5000BE229 /* Model */,
				2784A0D325E157CE000BE229 /* Resources */,
				2784A0D225E157C7000BE229 /* Views */,
				27550DCE25D57C8800894F4D /* Preview Content */,
			);
			path = RvChecklist;
			sourceTree = "<group>";
		};
		27550DCE25D57C8800894F4D /* Preview Content */ = {
			isa = PBXGroup;
			children = (
				27550DCF25D57C8800894F4D /* Preview Assets.xcassets */,
			);
			path = "Preview Content";
			sourceTree = "<group>";
		};
		27550DD925D57C8800894F4D /* RvChecklistTests */ = {
			isa = PBXGroup;
			children = (
				27550DDA25D57C8800894F4D /* RvChecklistTests.swift */,
				27550DDC25D57C8800894F4D /* Info.plist */,
			);
			path = RvChecklistTests;
			sourceTree = "<group>";
		};
		27550DE425D57C8800894F4D /* RvChecklistUITests */ = {
			isa = PBXGroup;
			children = (
				27550DE525D57C8800894F4D /* RvChecklistUITests.swift */,
				27550DE725D57C8800894F4D /* Info.plist */,
			);
			path = RvChecklistUITests;
			sourceTree = "<group>";
		};
		275E64F525E29C9B0070E6AA /* Helpers */ = {
			isa = PBXGroup;
			children = (
				275E64EE25E29A310070E6AA /* Checkmark.swift */,
			);
			path = Helpers;
			sourceTree = "<group>";
		};
		275E64F625E29CA90070E6AA /* Checklist */ = {
			isa = PBXGroup;
			children = (
				27550DCA25D57C8800894F4D /* ChecklistView.swift */,
				27550E1E25D8162700894F4D /* DetailView.swift */,
				27550E2325D863F000894F4D /* DestinationMap.swift */,
				275E64FB25E3D7F30070E6AA /* ChecklistRow.swift */,
				275E650025E3D95B0070E6AA /* ChecklistHeader.swift */,
				275E650525E3DA140070E6AA /* ChecklistScrollView.swift */,
				2728B3F925EA73DF00F163FC /* ToolbarView.swift */,
				27E6B96D25FD6EEE007547AC /* AddTrip.swift */,
				27E6B97225FE2F48007547AC /* TripList.swift */,
			);
			path = Checklist;
			sourceTree = "<group>";
		};
		2784A0D225E157C7000BE229 /* Views */ = {
			isa = PBXGroup;
			children = (
				275E64F625E29CA90070E6AA /* Checklist */,
				275E64F525E29C9B0070E6AA /* Helpers */,
			);
			path = Views;
			sourceTree = "<group>";
		};
		2784A0D325E157CE000BE229 /* Resources */ = {
			isa = PBXGroup;
			children = (
				27550DCC25D57C8800894F4D /* Assets.xcassets */,
			);
			path = Resources;
			sourceTree = "<group>";
		};
		2784A0D425E157D5000BE229 /* Model */ = {
			isa = PBXGroup;
			children = (
				27550E1925D718E000894F4D /* ChecklistItem.swift */,
				27E6B99125FF7CF7007547AC /* DoneItem.swift */,
				2784A0CA25E15535000BE229 /* modelData.swift */,
				2784A0BF25E14794000BE229 /* checklistData.json */,
				27E6B98325FE4E7C007547AC /* tripData.json */,
			);
			path = Model;
			sourceTree = "<group>";
		};
/* End PBXGroup section */

/* Begin PBXNativeTarget section */
		27550DC425D57C8800894F4D /* RvChecklist */ = {
			isa = PBXNativeTarget;
			buildConfigurationList = 27550DEA25D57C8800894F4D /* Build configuration list for PBXNativeTarget "RvChecklist" */;
			buildPhases = (
				27550DC125D57C8800894F4D /* Sources */,
				27550DC225D57C8800894F4D /* Frameworks */,
				27550DC325D57C8800894F4D /* Resources */,
			);
			buildRules = (
			);
			dependencies = (
			);
			name = RvChecklist;
			productName = RvChecklist;
			productReference = 27550DC525D57C8800894F4D /* RvChecklist.app */;
			productType = "com.apple.product-type.application";
		};
		27550DD525D57C8800894F4D /* RvChecklistTests */ = {
			isa = PBXNativeTarget;
			buildConfigurationList = 27550DED25D57C8800894F4D /* Build configuration list for PBXNativeTarget "RvChecklistTests" */;
			buildPhases = (
				27550DD225D57C8800894F4D /* Sources */,
				27550DD325D57C8800894F4D /* Frameworks */,
				27550DD425D57C8800894F4D /* Resources */,
			);
			buildRules = (
			);
			dependencies = (
				27550DD825D57C8800894F4D /* PBXTargetDependency */,
			);
			name = RvChecklistTests;
			productName = RvChecklistTests;
			productReference = 27550DD625D57C8800894F4D /* RvChecklistTests.xctest */;
			productType = "com.apple.product-type.bundle.unit-test";
		};
		27550DE025D57C8800894F4D /* RvChecklistUITests */ = {
			isa = PBXNativeTarget;
			buildConfigurationList = 27550DF025D57C8800894F4D /* Build configuration list for PBXNativeTarget "RvChecklistUITests" */;
			buildPhases = (
				27550DDD25D57C8800894F4D /* Sources */,
				27550DDE25D57C8800894F4D /* Frameworks */,
				27550DDF25D57C8800894F4D /* Resources */,
			);
			buildRules = (
			);
			dependencies = (
				27550DE325D57C8800894F4D /* PBXTargetDependency */,
			);
			name = RvChecklistUITests;
			productName = RvChecklistUITests;
			productReference = 27550DE125D57C8800894F4D /* RvChecklistUITests.xctest */;
			productType = "com.apple.product-type.bundle.ui-testing";
		};
/* End PBXNativeTarget section */

/* Begin PBXProject section */
		27550DBD25D57C8800894F4D /* Project object */ = {
			isa = PBXProject;
			attributes = {
				LastSwiftUpdateCheck = 1240;
				LastUpgradeCheck = 1240;
				TargetAttributes = {
					27550DC425D57C8800894F4D = {
						CreatedOnToolsVersion = 12.4;
					};
					27550DD525D57C8800894F4D = {
						CreatedOnToolsVersion = 12.4;
						TestTargetID = 27550DC425D57C8800894F4D;
					};
					27550DE025D57C8800894F4D = {
						CreatedOnToolsVersion = 12.4;
						TestTargetID = 27550DC425D57C8800894F4D;
					};
				};
			};
			buildConfigurationList = 27550DC025D57C8800894F4D /* Build configuration list for PBXProject "RvChecklist" */;
			compatibilityVersion = "Xcode 9.3";
			developmentRegion = en;
			hasScannedForEncodings = 0;
			knownRegions = (
				en,
				Base,
			);
			mainGroup = 27550DBC25D57C8800894F4D;
			productRefGroup = 27550DC625D57C8800894F4D /* Products */;
			projectDirPath = "";
			projectRoot = "";
			targets = (
				27550DC425D57C8800894F4D /* RvChecklist */,
				27550DD525D57C8800894F4D /* RvChecklistTests */,
				27550DE025D57C8800894F4D /* RvChecklistUITests */,
			);
		};
/* End PBXProject section */

/* Begin PBXResourcesBuildPhase section */
		27550DC325D57C8800894F4D /* Resources */ = {
			isa = PBXResourcesBuildPhase;
			buildActionMask = 2147483647;
			files = (
				27550DD025D57C8800894F4D /* Preview Assets.xcassets in Resources */,
				2784A0C025E14794000BE229 /* checklistData.json in Resources */,
				27E6B98425FE4E7C007547AC /* tripData.json in Resources */,
				27550DCD25D57C8800894F4D /* Assets.xcassets in Resources */,
			);
			runOnlyForDeploymentPostprocessing = 0;
		};
		27550DD425D57C8800894F4D /* Resources */ = {
			isa = PBXResourcesBuildPhase;
			buildActionMask = 2147483647;
			files = (
			);
			runOnlyForDeploymentPostprocessing = 0;
		};
		27550DDF25D57C8800894F4D /* Resources */ = {
			isa = PBXResourcesBuildPhase;
			buildActionMask = 2147483647;
			files = (
			);
			runOnlyForDeploymentPostprocessing = 0;
		};
/* End PBXResourcesBuildPhase section */

/* Begin PBXSourcesBuildPhase section */
		27550DC125D57C8800894F4D /* Sources */ = {
			isa = PBXSourcesBuildPhase;
			buildActionMask = 2147483647;
			files = (
				27550DCB25D57C8800894F4D /* ChecklistView.swift in Sources */,
				27E6B96E25FD6EEE007547AC /* AddTrip.swift in Sources */,
				2728B3FA25EA73DF00F163FC /* ToolbarView.swift in Sources */,
				27550E2425D863F000894F4D /* DestinationMap.swift in Sources */,
				275E650125E3D95B0070E6AA /* ChecklistHeader.swift in Sources */,
				27E6B99225FF7CF7007547AC /* DoneItem.swift in Sources */,
				275E64EF25E29A310070E6AA /* Checkmark.swift in Sources */,
				275E650625E3DA140070E6AA /* ChecklistScrollView.swift in Sources */,
				27550E1F25D8162700894F4D /* DetailView.swift in Sources */,
				275E64FC25E3D7F30070E6AA /* ChecklistRow.swift in Sources */,
				27550E1A25D718E000894F4D /* ChecklistItem.swift in Sources */,
				2784A0CB25E15535000BE229 /* modelData.swift in Sources */,
				27E6B97325FE2F48007547AC /* TripList.swift in Sources */,
				27550DC925D57C8800894F4D /* RvChecklistApp.swift in Sources */,
			);
			runOnlyForDeploymentPostprocessing = 0;
		};
		27550DD225D57C8800894F4D /* Sources */ = {
			isa = PBXSourcesBuildPhase;
			buildActionMask = 2147483647;
			files = (
				27550DDB25D57C8800894F4D /* RvChecklistTests.swift in Sources */,
			);
			runOnlyForDeploymentPostprocessing = 0;
		};
		27550DDD25D57C8800894F4D /* Sources */ = {
			isa = PBXSourcesBuildPhase;
			buildActionMask = 2147483647;
			files = (
				27550DE625D57C8800894F4D /* RvChecklistUITests.swift in Sources */,
			);
			runOnlyForDeploymentPostprocessing = 0;
		};
/* End PBXSourcesBuildPhase section */

/* Begin PBXTargetDependency section */
		27550DD825D57C8800894F4D /* PBXTargetDependency */ = {
			isa = PBXTargetDependency;
			target = 27550DC425D57C8800894F4D /* RvChecklist */;
			targetProxy = 27550DD725D57C8800894F4D /* PBXContainerItemProxy */;
		};
		27550DE325D57C8800894F4D /* PBXTargetDependency */ = {
			isa = PBXTargetDependency;
			target = 27550DC425D57C8800894F4D /* RvChecklist */;
			targetProxy = 27550DE225D57C8800894F4D /* PBXContainerItemProxy */;
		};
/* End PBXTargetDependency section */

/* Begin XCBuildConfiguration section */
		27550DE825D57C8800894F4D /* Debug */ = {
			isa = XCBuildConfiguration;
			buildSettings = {
				ALWAYS_SEARCH_USER_PATHS = NO;
				CLANG_ANALYZER_NONNULL = YES;
				CLANG_ANALYZER_NUMBER_OBJECT_CONVERSION = YES_AGGRESSIVE;
				CLANG_CXX_LANGUAGE_STANDARD = "gnu++14";
				CLANG_CXX_LIBRARY = "libc++";
				CLANG_ENABLE_MODULES = YES;
				CLANG_ENABLE_OBJC_ARC = YES;
				CLANG_ENABLE_OBJC_WEAK = YES;
				CLANG_WARN_BLOCK_CAPTURE_AUTORELEASING = YES;
				CLANG_WARN_BOOL_CONVERSION = YES;
				CLANG_WARN_COMMA = YES;
				CLANG_WARN_CONSTANT_CONVERSION = YES;
				CLANG_WARN_DEPRECATED_OBJC_IMPLEMENTATIONS = YES;
				CLANG_WARN_DIRECT_OBJC_ISA_USAGE = YES_ERROR;
				CLANG_WARN_DOCUMENTATION_COMMENTS = YES;
				CLANG_WARN_EMPTY_BODY = YES;
				CLANG_WARN_ENUM_CONVERSION = YES;
				CLANG_WARN_INFINITE_RECURSION = YES;
				CLANG_WARN_INT_CONVERSION = YES;
				CLANG_WARN_NON_LITERAL_NULL_CONVERSION = YES;
				CLANG_WARN_OBJC_IMPLICIT_RETAIN_SELF = YES;
				CLANG_WARN_OBJC_LITERAL_CONVERSION = YES;
				CLANG_WARN_OBJC_ROOT_CLASS = YES_ERROR;
				CLANG_WARN_QUOTED_INCLUDE_IN_FRAMEWORK_HEADER = YES;
				CLANG_WARN_RANGE_LOOP_ANALYSIS = YES;
				CLANG_WARN_STRICT_PROTOTYPES = YES;
				CLANG_WARN_SUSPICIOUS_MOVE = YES;
				CLANG_WARN_UNGUARDED_AVAILABILITY = YES_AGGRESSIVE;
				CLANG_WARN_UNREACHABLE_CODE = YES;
				CLANG_WARN__DUPLICATE_METHOD_MATCH = YES;
				COPY_PHASE_STRIP = NO;
				DEBUG_INFORMATION_FORMAT = dwarf;
				ENABLE_STRICT_OBJC_MSGSEND = YES;
				ENABLE_TESTABILITY = YES;
				GCC_C_LANGUAGE_STANDARD = gnu11;
				GCC_DYNAMIC_NO_PIC = NO;
				GCC_NO_COMMON_BLOCKS = YES;
				GCC_OPTIMIZATION_LEVEL = 0;
				GCC_PREPROCESSOR_DEFINITIONS = (
					"DEBUG=1",
					"$(inherited)",
				);
				GCC_WARN_64_TO_32_BIT_CONVERSION = YES;
				GCC_WARN_ABOUT_RETURN_TYPE = YES_ERROR;
				GCC_WARN_UNDECLARED_SELECTOR = YES;
				GCC_WARN_UNINITIALIZED_AUTOS = YES_AGGRESSIVE;
				GCC_WARN_UNUSED_FUNCTION = YES;
				GCC_WARN_UNUSED_VARIABLE = YES;
				IPHONEOS_DEPLOYMENT_TARGET = 14.4;
				MTL_ENABLE_DEBUG_INFO = INCLUDE_SOURCE;
				MTL_FAST_MATH = YES;
				ONLY_ACTIVE_ARCH = YES;
				SDKROOT = iphoneos;
				SWIFT_ACTIVE_COMPILATION_CONDITIONS = DEBUG;
				SWIFT_OPTIMIZATION_LEVEL = "-Onone";
			};
			name = Debug;
		};
		27550DE925D57C8800894F4D /* Release */ = {
			isa = XCBuildConfiguration;
			buildSettings = {
				ALWAYS_SEARCH_USER_PATHS = NO;
				CLANG_ANALYZER_NONNULL = YES;
				CLANG_ANALYZER_NUMBER_OBJECT_CONVERSION = YES_AGGRESSIVE;
				CLANG_CXX_LANGUAGE_STANDARD = "gnu++14";
				CLANG_CXX_LIBRARY = "libc++";
				CLANG_ENABLE_MODULES = YES;
				CLANG_ENABLE_OBJC_ARC = YES;
				CLANG_ENABLE_OBJC_WEAK = YES;
				CLANG_WARN_BLOCK_CAPTURE_AUTORELEASING = YES;
				CLANG_WARN_BOOL_CONVERSION = YES;
				CLANG_WARN_COMMA = YES;
				CLANG_WARN_CONSTANT_CONVERSION = YES;
				CLANG_WARN_DEPRECATED_OBJC_IMPLEMENTATIONS = YES;
				CLANG_WARN_DIRECT_OBJC_ISA_USAGE = YES_ERROR;
				CLANG_WARN_DOCUMENTATION_COMMENTS = YES;
				CLANG_WARN_EMPTY_BODY = YES;
				CLANG_WARN_ENUM_CONVERSION = YES;
				CLANG_WARN_INFINITE_RECURSION = YES;
				CLANG_WARN_INT_CONVERSION = YES;
				CLANG_WARN_NON_LITERAL_NULL_CONVERSION = YES;
				CLANG_WARN_OBJC_IMPLICIT_RETAIN_SELF = YES;
				CLANG_WARN_OBJC_LITERAL_CONVERSION = YES;
				CLANG_WARN_OBJC_ROOT_CLASS = YES_ERROR;
				CLANG_WARN_QUOTED_INCLUDE_IN_FRAMEWORK_HEADER = YES;
				CLANG_WARN_RANGE_LOOP_ANALYSIS = YES;
				CLANG_WARN_STRICT_PROTOTYPES = YES;
				CLANG_WARN_SUSPICIOUS_MOVE = YES;
				CLANG_WARN_UNGUARDED_AVAILABILITY = YES_AGGRESSIVE;
				CLANG_WARN_UNREACHABLE_CODE = YES;
				CLANG_WARN__DUPLICATE_METHOD_MATCH = YES;
				COPY_PHASE_STRIP = NO;
				DEBUG_INFORMATION_FORMAT = "dwarf-with-dsym";
				ENABLE_NS_ASSERTIONS = NO;
				ENABLE_STRICT_OBJC_MSGSEND = YES;
				GCC_C_LANGUAGE_STANDARD = gnu11;
				GCC_NO_COMMON_BLOCKS = YES;
				GCC_WARN_64_TO_32_BIT_CONVERSION = YES;
				GCC_WARN_ABOUT_RETURN_TYPE = YES_ERROR;
				GCC_WARN_UNDECLARED_SELECTOR = YES;
				GCC_WARN_UNINITIALIZED_AUTOS = YES_AGGRESSIVE;
				GCC_WARN_UNUSED_FUNCTION = YES;
				GCC_WARN_UNUSED_VARIABLE = YES;
				IPHONEOS_DEPLOYMENT_TARGET = 14.4;
				MTL_ENABLE_DEBUG_INFO = NO;
				MTL_FAST_MATH = YES;
				SDKROOT = iphoneos;
				SWIFT_COMPILATION_MODE = wholemodule;
				SWIFT_OPTIMIZATION_LEVEL = "-O";
				VALIDATE_PRODUCT = YES;
			};
			name = Release;
		};
		27550DEB25D57C8800894F4D /* Debug */ = {
			isa = XCBuildConfiguration;
			buildSettings = {
				ASSETCATALOG_COMPILER_APPICON_NAME = AppIcon;
				ASSETCATALOG_COMPILER_GLOBAL_ACCENT_COLOR_NAME = AccentColor;
				CODE_SIGN_STYLE = Automatic;
				DEVELOPMENT_ASSET_PATHS = "\"RvChecklist/Preview Content\"";
				DEVELOPMENT_TEAM = 65NFWK9633;
				ENABLE_PREVIEWS = YES;
				INFOPLIST_FILE = RvChecklist/Info.plist;
				IPHONEOS_DEPLOYMENT_TARGET = 14.0;
				LD_RUNPATH_SEARCH_PATHS = (
					"$(inherited)",
					"@executable_path/Frameworks",
				);
				PRODUCT_BUNDLE_IDENTIFIER = net.lisles.RvChecklist;
				PRODUCT_NAME = "$(TARGET_NAME)";
				SWIFT_VERSION = 5.0;
				TARGETED_DEVICE_FAMILY = "1,2";
			};
			name = Debug;
		};
		27550DEC25D57C8800894F4D /* Release */ = {
			isa = XCBuildConfiguration;
			buildSettings = {
				ASSETCATALOG_COMPILER_APPICON_NAME = AppIcon;
				ASSETCATALOG_COMPILER_GLOBAL_ACCENT_COLOR_NAME = AccentColor;
				CODE_SIGN_STYLE = Automatic;
				DEVELOPMENT_ASSET_PATHS = "\"RvChecklist/Preview Content\"";
				DEVELOPMENT_TEAM = 65NFWK9633;
				ENABLE_PREVIEWS = YES;
				INFOPLIST_FILE = RvChecklist/Info.plist;
				IPHONEOS_DEPLOYMENT_TARGET = 14.0;
				LD_RUNPATH_SEARCH_PATHS = (
					"$(inherited)",
					"@executable_path/Frameworks",
				);
				PRODUCT_BUNDLE_IDENTIFIER = net.lisles.RvChecklist;
				PRODUCT_NAME = "$(TARGET_NAME)";
				SWIFT_VERSION = 5.0;
				TARGETED_DEVICE_FAMILY = "1,2";
			};
			name = Release;
		};
		27550DEE25D57C8800894F4D /* Debug */ = {
			isa = XCBuildConfiguration;
			buildSettings = {
				ALWAYS_EMBED_SWIFT_STANDARD_LIBRARIES = YES;
				BUNDLE_LOADER = "$(TEST_HOST)";
				CODE_SIGN_STYLE = Automatic;
				DEVELOPMENT_TEAM = 65NFWK9633;
				INFOPLIST_FILE = RvChecklistTests/Info.plist;
				IPHONEOS_DEPLOYMENT_TARGET = 14.0;
				LD_RUNPATH_SEARCH_PATHS = (
					"$(inherited)",
					"@executable_path/Frameworks",
					"@loader_path/Frameworks",
				);
				PRODUCT_BUNDLE_IDENTIFIER = net.lisles.RvChecklistTests;
				PRODUCT_NAME = "$(TARGET_NAME)";
				SWIFT_VERSION = 5.0;
				TARGETED_DEVICE_FAMILY = "1,2";
				TEST_HOST = "$(BUILT_PRODUCTS_DIR)/RvChecklist.app/RvChecklist";
			};
			name = Debug;
		};
		27550DEF25D57C8800894F4D /* Release */ = {
			isa = XCBuildConfiguration;
			buildSettings = {
				ALWAYS_EMBED_SWIFT_STANDARD_LIBRARIES = YES;
				BUNDLE_LOADER = "$(TEST_HOST)";
				CODE_SIGN_STYLE = Automatic;
				DEVELOPMENT_TEAM = 65NFWK9633;
				INFOPLIST_FILE = RvChecklistTests/Info.plist;
				IPHONEOS_DEPLOYMENT_TARGET = 14.0;
				LD_RUNPATH_SEARCH_PATHS = (
					"$(inherited)",
					"@executable_path/Frameworks",
					"@loader_path/Frameworks",
				);
				PRODUCT_BUNDLE_IDENTIFIER = net.lisles.RvChecklistTests;
				PRODUCT_NAME = "$(TARGET_NAME)";
				SWIFT_VERSION = 5.0;
				TARGETED_DEVICE_FAMILY = "1,2";
				TEST_HOST = "$(BUILT_PRODUCTS_DIR)/RvChecklist.app/RvChecklist";
			};
			name = Release;
		};
		27550DF125D57C8800894F4D /* Debug */ = {
			isa = XCBuildConfiguration;
			buildSettings = {
				ALWAYS_EMBED_SWIFT_STANDARD_LIBRARIES = YES;
				CODE_SIGN_STYLE = Automatic;
				DEVELOPMENT_TEAM = 65NFWK9633;
				INFOPLIST_FILE = RvChecklistUITests/Info.plist;
				LD_RUNPATH_SEARCH_PATHS = (
					"$(inherited)",
					"@executable_path/Frameworks",
					"@loader_path/Frameworks",
				);
				PRODUCT_BUNDLE_IDENTIFIER = net.lisles.RvChecklistUITests;
				PRODUCT_NAME = "$(TARGET_NAME)";
				SWIFT_VERSION = 5.0;
				TARGETED_DEVICE_FAMILY = "1,2";
				TEST_TARGET_NAME = RvChecklist;
			};
			name = Debug;
		};
		27550DF225D57C8800894F4D /* Release */ = {
			isa = XCBuildConfiguration;
			buildSettings = {
				ALWAYS_EMBED_SWIFT_STANDARD_LIBRARIES = YES;
				CODE_SIGN_STYLE = Automatic;
				DEVELOPMENT_TEAM = 65NFWK9633;
				INFOPLIST_FILE = RvChecklistUITests/Info.plist;
				LD_RUNPATH_SEARCH_PATHS = (
					"$(inherited)",
					"@executable_path/Frameworks",
					"@loader_path/Frameworks",
				);
				PRODUCT_BUNDLE_IDENTIFIER = net.lisles.RvChecklistUITests;
				PRODUCT_NAME = "$(TARGET_NAME)";
				SWIFT_VERSION = 5.0;
				TARGETED_DEVICE_FAMILY = "1,2";
				TEST_TARGET_NAME = RvChecklist;
			};
			name = Release;
		};
/* End XCBuildConfiguration section */

/* Begin XCConfigurationList section */
		27550DC025D57C8800894F4D /* Build configuration list for PBXProject "RvChecklist" */ = {
			isa = XCConfigurationList;
			buildConfigurations = (
				27550DE825D57C8800894F4D /* Debug */,
				27550DE925D57C8800894F4D /* Release */,
			);
			defaultConfigurationIsVisible = 0;
			defaultConfigurationName = Release;
		};
		27550DEA25D57C8800894F4D /* Build configuration list for PBXNativeTarget "RvChecklist" */ = {
			isa = XCConfigurationList;
			buildConfigurations = (
				27550DEB25D57C8800894F4D /* Debug */,
				27550DEC25D57C8800894F4D /* Release */,
			);
			defaultConfigurationIsVisible = 0;
			defaultConfigurationName = Release;
		};
		27550DED25D57C8800894F4D /* Build configuration list for PBXNativeTarget "RvChecklistTests" */ = {
			isa = XCConfigurationList;
			buildConfigurations = (
				27550DEE25D57C8800894F4D /* Debug */,
				27550DEF25D57C8800894F4D /* Release */,
			);
			defaultConfigurationIsVisible = 0;
			defaultConfigurationName = Release;
		};
		27550DF025D57C8800894F4D /* Build configuration list for PBXNativeTarget "RvChecklistUITests" */ = {
			isa = XCConfigurationList;
			buildConfigurations = (
				27550DF125D57C8800894F4D /* Debug */,
				27550DF225D57C8800894F4D /* Release */,
			);
			defaultConfigurationIsVisible = 0;
			defaultConfigurationName = Release;
		};
/* End XCConfigurationList section */
	};
	rootObject = 27550DBD25D57C8800894F4D /* Project object */;
}
