{
  "pins" : [
    {
      "identity" : "swiftmqtt",
      "kind" : "remoteSourceControl",
      "location" : "https://github.com/aciidb0mb3r/SwiftMQTT",
      "state" : {
        "revision" : "e412d414fbc03cabcee7fcbc8432aa1efb558c94",
        "version" : "3.0.1"
      }
    }
  ],
  "version" : 2
}
